
Microsoft Visual Studio Solution File, Format Version 12.00
# Visual Studio 15
VisualStudioVersion = 15.0.27703.2035
MinimumVisualStudioVersion = 10.0.40219.1
Project("{FAE04EC0-301F-11D3-BF4B-00C04F79EFBC}") = "Datos", "Datos\Datos.csproj", "{DE330D74-229C-4030-82F8-938034881526}"
EndProject
Project("{FAE04EC0-301F-11D3-BF4B-00C04F79EFBC}") = "Control", "Control\Control.csproj", "{84E7C898-86FE-4EA6-ABEB-E251308A15C0}"
EndProject
Project("{FAE04EC0-301F-11D3-BF4B-00C04F79EFBC}") = "Presentacion", "Presentacion\Presentacion.csproj", "{DA530B26-4777-4272-BDBE-C165EC2A255E}"
EndProject
Global
	GlobalSection(SolutionConfigurationPlatforms) = preSolution
		Debug|Any CPU = Debug|Any CPU
		Release|Any CPU = Release|Any CPU
	EndGlobalSection
	GlobalSection(ProjectConfigurationPlatforms) = postSolution
		{DE330D74-229C-4030-82F8-938034881526}.Debug|Any CPU.ActiveCfg = Debug|Any CPU
		{DE330D74-229C-4030-82F8-938034881526}.Debug|Any CPU.Build.0 = Debug|Any CPU
		{DE330D74-229C-4030-82F8-938034881526}.Release|Any CPU.ActiveCfg = Release|Any CPU
		{DE330D74-229C-4030-82F8-938034881526}.Release|Any CPU.Build.0 = Release|Any CPU
		{84E7C898-86FE-4EA6-ABEB-E251308A15C0}.Debug|Any CPU.ActiveCfg = Debug|Any CPU
		{84E7C898-86FE-4EA6-ABEB-E251308A15C0}.Debug|Any CPU.Build.0 = Debug|Any CPU
		{84E7C898-86FE-4EA6-ABEB-E251308A15C0}.Release|Any CPU.ActiveCfg = Release|Any CPU
		{84E7C898-86FE-4EA6-ABEB-E251308A15C0}.Release|Any CPU.Build.0 = Release|Any CPU
		{DA530B26-4777-4272-BDBE-C165EC2A255E}.Debug|Any CPU.ActiveCfg = Debug|Any CPU
		{DA530B26-4777-4272-BDBE-C165EC2A255E}.Debug|Any CPU.Build.0 = Debug|Any CPU
		{DA530B26-4777-4272-BDBE-C165EC2A255E}.Release|Any CPU.ActiveCfg = Release|Any CPU
		{DA530B26-4777-4272-BDBE-C165EC2A255E}.Release|Any CPU.Build.0 = Release|Any CPU
	EndGlobalSection
	GlobalSection(SolutionProperties) = preSolution
		HideSolutionNode = FALSE
	EndGlobalSection
	GlobalSection(ExtensibilityGlobals) = postSolution
		SolutionGuid = {45E0CB1B-D272-476B-810B-EB2C605641E4}
	EndGlobalSection
EndGlobal
